// !$*UTF8*$!
{
	archiveVersion = 1;
	classes = {
	};
	objectVersion = 46;
	objects = {

/* Begin PBXBuildFile section */
		8426128D1C118AFB00F2BA5D /* main.m in Sources */ = {isa = PBXBuildFile; fileRef = 8426128C1C118AFB00F2BA5D /* main.m */; };
		842612981C118B5100F2BA5D /* IGiveGift.m in Sources */ = {isa = PBXBuildFile; fileRef = 842612971C118B5100F2BA5D /* IGiveGift.m */; };
		8426129B1C118D0300F2BA5D /* SchoolGirl.m in Sources */ = {isa = PBXBuildFile; fileRef = 8426129A1C118D0300F2BA5D /* SchoolGirl.m */; };
		8426129E1C118E3500F2BA5D /* Pursuit.m in Sources */ = {isa = PBXBuildFile; fileRef = 8426129D1C118E3500F2BA5D /* Pursuit.m */; };
		842612A11C118FB900F2BA5D /* Proxy.m in Sources */ = {isa = PBXBuildFile; fileRef = 842612A01C118FB900F2BA5D /* Proxy.m */; };
/* End PBXBuildFile section */

/* Begin PBXCopyFilesBuildPhase section */
		842612871C118AFB00F2BA5D /* CopyFiles */ = {
			isa = PBXCopyFilesBuildPhase;
			buildActionMask = 2147483647;
			dstPath = /usr/share/man/man1/;
			dstSubfolderSpec = 0;
			files = (
			);
			runOnlyForDeploymentPostprocessing = 1;
		};
/* End PBXCopyFilesBuildPhase section */

/* Begin PBXFileReference section */
		842612891C118AFB00F2BA5D /* 代理模式 */ = {isa = PBXFileReference; explicitFileType = "compiled.mach-o.executable"; includeInIndex = 0; path = "代理模式"; sourceTree = BUILT_PRODUCTS_DIR; };
		8426128C1C118AFB00F2BA5D /* main.m */ = {isa = PBXFileReference; lastKnownFileType = sourcecode.c.objc; path = main.m; sourceTree = "<group>"; };
		842612961C118B5100F2BA5D /* IGiveGift.h */ = {isa = PBXFileReference; fileEncoding = 4; lastKnownFileType = sourcecode.c.h; path = IGiveGift.h; sourceTree = "<group>"; };
		842612971C118B5100F2BA5D /* IGiveGift.m */ = {isa = PBXFileReference; fileEncoding = 4; lastKnownFileType = sourcecode.c.objc; path = IGiveGift.m; sourceTree = "<group>"; };
		842612991C118D0300F2BA5D /* SchoolGirl.h */ = {isa = PBXFileReference; fileEncoding = 4; lastKnownFileType = sourcecode.c.h; path = SchoolGirl.h; sourceTree = "<group>"; };
		8426129A1C118D0300F2BA5D /* SchoolGirl.m */ = {isa = PBXFileReference; fileEncoding = 4; lastKnownFileType = sourcecode.c.objc; path = SchoolGirl.m; sourceTree = "<group>"; };
		8426129C1C118E3500F2BA5D /* Pursuit.h */ = {isa = PBXFileReference; fileEncoding = 4; lastKnownFileType = sourcecode.c.h; path = Pursuit.h; sourceTree = "<group>"; };
		8426129D1C118E3500F2BA5D /* Pursuit.m */ = {isa = PBXFileReference; fileEncoding = 4; lastKnownFileType = sourcecode.c.objc; path = Pursuit.m; sourceTree = "<group>"; };
		8426129F1C118FB900F2BA5D /* Proxy.h */ = {isa = PBXFileReference; fileEncoding = 4; lastKnownFileType = sourcecode.c.h; path = Proxy.h; sourceTree = "<group>"; };
		842612A01C118FB900F2BA5D /* Proxy.m */ = {isa = PBXFileReference; fileEncoding = 4; lastKnownFileType = sourcecode.c.objc; path = Proxy.m; sourceTree = "<group>"; };
/* End PBXFileReference section */

/* Begin PBXFrameworksBuildPhase section */
		842612861C118AFB00F2BA5D /* Frameworks */ = {
			isa = PBXFrameworksBuildPhase;
			buildActionMask = 2147483647;
			files = (
			);
			runOnlyForDeploymentPostprocessing = 0;
		};
/* End PBXFrameworksBuildPhase section */

/* Begin PBXGroup section */
		842612801C118AFB00F2BA5D = {
			isa = PBXGroup;
			children = (
				8426128B1C118AFB00F2BA5D /* 代理模式 */,
				8426128A1C118AFB00F2BA5D /* Products */,
			);
			sourceTree = "<group>";
		};
		8426128A1C118AFB00F2BA5D /* Products */ = {
			isa = PBXGroup;
			children = (
				842612891C118AFB00F2BA5D /* 代理模式 */,
			);
			name = Products;
			sourceTree = "<group>";
		};
		8426128B1C118AFB00F2BA5D /* 代理模式 */ = {
			isa = PBXGroup;
			children = (
				8426128C1C118AFB00F2BA5D /* main.m */,
				842612991C118D0300F2BA5D /* SchoolGirl.h */,
				8426129A1C118D0300F2BA5D /* SchoolGirl.m */,
				8426129C1C118E3500F2BA5D /* Pursuit.h */,
				8426129D1C118E3500F2BA5D /* Pursuit.m */,
				842612961C118B5100F2BA5D /* IGiveGift.h */,
				842612971C118B5100F2BA5D /* IGiveGift.m */,
				8426129F1C118FB900F2BA5D /* Proxy.h */,
				842612A01C118FB900F2BA5D /* Proxy.m */,
			);
			path = "代理模式";
			sourceTree = "<group>";
		};
/* End PBXGroup section */

/* Begin PBXNativeTarget section */
		842612881C118AFB00F2BA5D /* 代理模式 */ = {
			isa = PBXNativeTarget;
			buildConfigurationList = 842612901C118AFB00F2BA5D /* Build configuration list for PBXNativeTarget "代理模式" */;
			buildPhases = (
				842612851C118AFB00F2BA5D /* Sources */,
				842612861C118AFB00F2BA5D /* Frameworks */,
				842612871C118AFB00F2BA5D /* CopyFiles */,
			);
			buildRules = (
			);
			dependencies = (
			);
			name = "代理模式";
			productName = "代理模式";
			productReference = 842612891C118AFB00F2BA5D /* 代理模式 */;
			productType = "com.apple.product-type.tool";
		};
/* End PBXNativeTarget section */

/* Begin PBXProject section */
		842612811C118AFB00F2BA5D /* Project object */ = {
			isa = PBXProject;
			attributes = {
				LastUpgradeCheck = 0710;
				ORGANIZATIONNAME = Personal;
				TargetAttributes = {
					842612881C118AFB00F2BA5D = {
						CreatedOnToolsVersion = 7.1.1;
					};
				};
			};
			buildConfigurationList = 842612841C118AFB00F2BA5D /* Build configuration list for PBXProject "代理模式" */;
			compatibilityVersion = "Xcode 3.2";
			developmentRegion = English;
			hasScannedForEncodings = 0;
			knownRegions = (
				en,
			);
			mainGroup = 842612801C118AFB00F2BA5D;
			productRefGroup = 8426128A1C118AFB00F2BA5D /* Products */;
			projectDirPath = "";
			projectRoot = "";
			targets = (
				842612881C118AFB00F2BA5D /* 代理模式 */,
			);
		};
/* End PBXProject section */

/* Begin PBXSourcesBuildPhase section */
		842612851C118AFB00F2BA5D /* Sources */ = {
			isa = PBXSourcesBuildPhase;
			buildActionMask = 2147483647;
			files = (
				8426129E1C118E3500F2BA5D /* Pursuit.m in Sources */,
				842612A11C118FB900F2BA5D /* Proxy.m in Sources */,
				842612981C118B5100F2BA5D /* IGiveGift.m in Sources */,
				8426129B1C118D0300F2BA5D /* SchoolGirl.m in Sources */,
				8426128D1C118AFB00F2BA5D /* main.m in Sources */,
			);
			runOnlyForDeploymentPostprocessing = 0;
		};
/* End PBXSourcesBuildPhase section */

/* Begin XCBuildConfiguration section */
		8426128E1C118AFB00F2BA5D /* Debug */ = {
			isa = XCBuildConfiguration;
			buildSettings = {
				ALWAYS_SEARCH_USER_PATHS = NO;
				CLANG_CXX_LANGUAGE_STANDARD = "gnu++0x";
				CLANG_CXX_LIBRARY = "libc++";
				CLANG_ENABLE_MODULES = YES;
				CLANG_ENABLE_OBJC_ARC = YES;
				CLANG_WARN_BOOL_CONVERSION = YES;
				CLANG_WARN_CONSTANT_CONVERSION = YES;
				CLANG_WARN_DIRECT_OBJC_ISA_USAGE = YES_ERROR;
				CLANG_WARN_EMPTY_BODY = YES;
				CLANG_WARN_ENUM_CONVERSION = YES;
				CLANG_WARN_INT_CONVERSION = YES;
				CLANG_WARN_OBJC_ROOT_CLASS = YES_ERROR;
				CLANG_WARN_UNREACHABLE_CODE = YES;
				CLANG_WARN__DUPLICATE_METHOD_MATCH = YES;
				CODE_SIGN_IDENTITY = "-";
				COPY_PHASE_STRIP = NO;
				DEBUG_INFORMATION_FORMAT = dwarf;
				ENABLE_STRICT_OBJC_MSGSEND = YES;
				ENABLE_TESTABILITY = YES;
				GCC_C_LANGUAGE_STANDARD = gnu99;
				GCC_DYNAMIC_NO_PIC = NO;
				GCC_NO_COMMON_BLOCKS = YES;
				GCC_OPTIMIZATION_LEVEL = 0;
				GCC_PREPROCESSOR_DEFINITIONS = (
					"DEBUG=1",
					"$(inherited)",
				);
				GCC_WARN_64_TO_32_BIT_CONVERSION = YES;
				GCC_WARN_ABOUT_RETURN_TYPE = YES_ERROR;
				GCC_WARN_UNDECLARED_SELECTOR = YES;
				GCC_WARN_UNINITIALIZED_AUTOS = YES_AGGRESSIVE;
				GCC_WARN_UNUSED_FUNCTION = YES;
				GCC_WARN_UNUSED_VARIABLE = YES;
				MACOSX_DEPLOYMENT_TARGET = 10.11;
				MTL_ENABLE_DEBUG_INFO = YES;
				ONLY_ACTIVE_ARCH = YES;
				SDKROOT = macosx;
			};
			name = Debug;
		};
		8426128F1C118AFB00F2BA5D /* Release */ = {
			isa = XCBuildConfiguration;
			buildSettings = {
				ALWAYS_SEARCH_USER_PATHS = NO;
				CLANG_CXX_LANGUAGE_STANDARD = "gnu++0x";
				CLANG_CXX_LIBRARY = "libc++";
				CLANG_ENABLE_MODULES = YES;
				CLANG_ENABLE_OBJC_ARC = YES;
				CLANG_WARN_BOOL_CONVERSION = YES;
				CLANG_WARN_CONSTANT_CONVERSION = YES;
				CLANG_WARN_DIRECT_OBJC_ISA_USAGE = YES_ERROR;
				CLANG_WARN_EMPTY_BODY = YES;
				CLANG_WARN_ENUM_CONVERSION = YES;
				CLANG_WARN_INT_CONVERSION = YES;
				CLANG_WARN_OBJC_ROOT_CLASS = YES_ERROR;
				CLANG_WARN_UNREACHABLE_CODE = YES;
				CLANG_WARN__DUPLICATE_METHOD_MATCH = YES;
				CODE_SIGN_IDENTITY = "-";
				COPY_PHASE_STRIP = NO;
				DEBUG_INFORMATION_FORMAT = "dwarf-with-dsym";
				ENABLE_NS_ASSERTIONS = NO;
				ENABLE_STRICT_OBJC_MSGSEND = YES;
				GCC_C_LANGUAGE_STANDARD = gnu99;
				GCC_NO_COMMON_BLOCKS = YES;
				GCC_WARN_64_TO_32_BIT_CONVERSION = YES;
				GCC_WARN_ABOUT_RETURN_TYPE = YES_ERROR;
				GCC_WARN_UNDECLARED_SELECTOR = YES;
				GCC_WARN_UNINITIALIZED_AUTOS = YES_AGGRESSIVE;
				GCC_WARN_UNUSED_FUNCTION = YES;
				GCC_WARN_UNUSED_VARIABLE = YES;
				MACOSX_DEPLOYMENT_TARGET = 10.11;
				MTL_ENABLE_DEBUG_INFO = NO;
				SDKROOT = macosx;
			};
			name = Release;
		};
		842612911C118AFB00F2BA5D /* Debug */ = {
			isa = XCBuildConfiguration;
			buildSettings = {
				PRODUCT_NAME = "$(TARGET_NAME)";
			};
			name = Debug;
		};
		842612921C118AFB00F2BA5D /* Release */ = {
			isa = XCBuildConfiguration;
			buildSettings = {
				PRODUCT_NAME = "$(TARGET_NAME)";
			};
			name = Release;
		};
/* End XCBuildConfiguration section */

/* Begin XCConfigurationList section */
		842612841C118AFB00F2BA5D /* Build configuration list for PBXProject "代理模式" */ = {
			isa = XCConfigurationList;
			buildConfigurations = (
				8426128E1C118AFB00F2BA5D /* Debug */,
				8426128F1C118AFB00F2BA5D /* Release */,
			);
			defaultConfigurationIsVisible = 0;
			defaultConfigurationName = Release;
		};
		842612901C118AFB00F2BA5D /* Build configuration list for PBXNativeTarget "代理模式" */ = {
			isa = XCConfigurationList;
			buildConfigurations = (
				842612911C118AFB00F2BA5D /* Debug */,
				842612921C118AFB00F2BA5D /* Release */,
			);
			defaultConfigurationIsVisible = 0;
			defaultConfigurationName = Release;
		};
/* End XCConfigurationList section */
	};
	rootObject = 842612811C118AFB00F2BA5D /* Project object */;
}
